
Microsoft Visual Studio Solution File, Format Version 12.00
# Visual Studio Version 16
VisualStudioVersion = 16.0.29728.190
MinimumVisualStudioVersion = 10.0.40219.1
Project("{FAE04EC0-301F-11D3-BF4B-00C04F79EFBC}") = "uri1007", "uri1007.csproj", "{775659C9-8AD6-45DD-9CF1-77924748AABE}"
EndProject
Global
	GlobalSection(SolutionConfigurationPlatforms) = preSolution
		Debug|Any CPU = Debug|Any CPU
		Release|Any CPU = Release|Any CPU
	EndGlobalSection
	GlobalSection(ProjectConfigurationPlatforms) = postSolution
		{775659C9-8AD6-45DD-9CF1-77924748AABE}.Debug|Any CPU.ActiveCfg = Debug|Any CPU
		{775659C9-8AD6-45DD-9CF1-77924748AABE}.Debug|Any CPU.Build.0 = Debug|Any CPU
		{775659C9-8AD6-45DD-9CF1-77924748AABE}.Release|Any CPU.ActiveCfg = Release|Any CPU
		{775659C9-8AD6-45DD-9CF1-77924748AABE}.Release|Any CPU.Build.0 = Release|Any CPU
	EndGlobalSection
	GlobalSection(SolutionProperties) = preSolution
		HideSolutionNode = FALSE
	EndGlobalSection
	GlobalSection(ExtensibilityGlobals) = postSolution
		SolutionGuid = {FF537B2F-1791-4228-B9DE-B53A81BD6D14}
	EndGlobalSection
EndGlobal
