
Microsoft Visual Studio Solution File, Format Version 12.00
# Visual Studio Version 16
VisualStudioVersion = 16.0.29728.190
MinimumVisualStudioVersion = 10.0.40219.1
Project("{FAE04EC0-301F-11D3-BF4B-00C04F79EFBC}") = "uri1001", "uri1001.csproj", "{FB49D032-64CE-4351-8F71-0A45CCA3D760}"
EndProject
Global
	GlobalSection(SolutionConfigurationPlatforms) = preSolution
		Debug|Any CPU = Debug|Any CPU
		Release|Any CPU = Release|Any CPU
	EndGlobalSection
	GlobalSection(ProjectConfigurationPlatforms) = postSolution
		{FB49D032-64CE-4351-8F71-0A45CCA3D760}.Debug|Any CPU.ActiveCfg = Debug|Any CPU
		{FB49D032-64CE-4351-8F71-0A45CCA3D760}.Debug|Any CPU.Build.0 = Debug|Any CPU
		{FB49D032-64CE-4351-8F71-0A45CCA3D760}.Release|Any CPU.ActiveCfg = Release|Any CPU
		{FB49D032-64CE-4351-8F71-0A45CCA3D760}.Release|Any CPU.Build.0 = Release|Any CPU
	EndGlobalSection
	GlobalSection(SolutionProperties) = preSolution
		HideSolutionNode = FALSE
	EndGlobalSection
	GlobalSection(ExtensibilityGlobals) = postSolution
		SolutionGuid = {3EBF933A-FDF4-4B8B-8300-0A4368C2963B}
	EndGlobalSection
EndGlobal
